
Microsoft Visual Studio Solution File, Format Version 12.00
# Visual Studio 14
VisualStudioVersion = 14.0.25123.0
MinimumVisualStudioVersion = 10.0.40219.1
Project("{FAE04EC0-301F-11D3-BF4B-00C04F79EFBC}") = "JqGrid", "JqGrid\JqGrid.csproj", "{73FF0E9F-6ABF-4488-BAEB-4B7C398A65A5}"
EndProject
Project("{FAE04EC0-301F-11D3-BF4B-00C04F79EFBC}") = "JqGrid.Tests", "JqGrid.Tests\JqGrid.Tests.csproj", "{2A4AC129-DA3F-4570-86DE-5D982F7209F7}"
EndProject
Global
	GlobalSection(SolutionConfigurationPlatforms) = preSolution
		Debug|Any CPU = Debug|Any CPU
		Release|Any CPU = Release|Any CPU
	EndGlobalSection
	GlobalSection(ProjectConfigurationPlatforms) = postSolution
		{73FF0E9F-6ABF-4488-BAEB-4B7C398A65A5}.Debug|Any CPU.ActiveCfg = Debug|Any CPU
		{73FF0E9F-6ABF-4488-BAEB-4B7C398A65A5}.Debug|Any CPU.Build.0 = Debug|Any CPU
		{73FF0E9F-6ABF-4488-BAEB-4B7C398A65A5}.Release|Any CPU.ActiveCfg = Release|Any CPU
		{73FF0E9F-6ABF-4488-BAEB-4B7C398A65A5}.Release|Any CPU.Build.0 = Release|Any CPU
		{2A4AC129-DA3F-4570-86DE-5D982F7209F7}.Debug|Any CPU.ActiveCfg = Debug|Any CPU
		{2A4AC129-DA3F-4570-86DE-5D982F7209F7}.Debug|Any CPU.Build.0 = Debug|Any CPU
		{2A4AC129-DA3F-4570-86DE-5D982F7209F7}.Release|Any CPU.ActiveCfg = Release|Any CPU
		{2A4AC129-DA3F-4570-86DE-5D982F7209F7}.Release|Any CPU.Build.0 = Release|Any CPU
	EndGlobalSection
	GlobalSection(SolutionProperties) = preSolution
		HideSolutionNode = FALSE
	EndGlobalSection
EndGlobal
